
Microsoft Visual Studio Solution File, Format Version 12.00
# Visual Studio Version 16
VisualStudioVersion = 16.0.30001.183
MinimumVisualStudioVersion = 10.0.40219.1
Project("{9A19103F-16F7-4668-BE54-9A1E7A4F7556}") = "LatinoNETOnline.TelegramBot.Web", "LatinoNETOnline.TelegramBot.Web\LatinoNETOnline.TelegramBot.Web.csproj", "{7305BDEA-D4C1-41BF-8319-8BBB11FFED5B}"
EndProject
Project("{9A19103F-16F7-4668-BE54-9A1E7A4F7556}") = "LatinoNETOnline.TelegramBot.Application", "LatinoNETOnline.TelegramBot.Application\LatinoNETOnline.TelegramBot.Application.csproj", "{C3528D63-8EC2-4932-9167-CD9098570DC2}"
EndProject
Project("{9A19103F-16F7-4668-BE54-9A1E7A4F7556}") = "LatinoNETOnline.TelegramBot.Domain", "LatinoNETOnline.TelegramBot.Domain\LatinoNETOnline.TelegramBot.Domain.csproj", "{D24912D5-3A86-4CD9-8E08-23B1D8E0EEC0}"
EndProject
Project("{9A19103F-16F7-4668-BE54-9A1E7A4F7556}") = "LatinoNETOnline.TelegramBot.Infrastructure", "LatinoNETOnline.TelegramBot.Infrastructure\LatinoNETOnline.TelegramBot.Infrastructure.csproj", "{CD057518-B2A0-49ED-86E4-5C16932067F8}"
EndProject
Global
	GlobalSection(SolutionConfigurationPlatforms) = preSolution
		Debug|Any CPU = Debug|Any CPU
		Release|Any CPU = Release|Any CPU
	EndGlobalSection
	GlobalSection(ProjectConfigurationPlatforms) = postSolution
		{7305BDEA-D4C1-41BF-8319-8BBB11FFED5B}.Debug|Any CPU.ActiveCfg = Debug|Any CPU
		{7305BDEA-D4C1-41BF-8319-8BBB11FFED5B}.Debug|Any CPU.Build.0 = Debug|Any CPU
		{7305BDEA-D4C1-41BF-8319-8BBB11FFED5B}.Release|Any CPU.ActiveCfg = Release|Any CPU
		{7305BDEA-D4C1-41BF-8319-8BBB11FFED5B}.Release|Any CPU.Build.0 = Release|Any CPU
		{C3528D63-8EC2-4932-9167-CD9098570DC2}.Debug|Any CPU.ActiveCfg = Debug|Any CPU
		{C3528D63-8EC2-4932-9167-CD9098570DC2}.Debug|Any CPU.Build.0 = Debug|Any CPU
		{C3528D63-8EC2-4932-9167-CD9098570DC2}.Release|Any CPU.ActiveCfg = Release|Any CPU
		{C3528D63-8EC2-4932-9167-CD9098570DC2}.Release|Any CPU.Build.0 = Release|Any CPU
		{D24912D5-3A86-4CD9-8E08-23B1D8E0EEC0}.Debug|Any CPU.ActiveCfg = Debug|Any CPU
		{D24912D5-3A86-4CD9-8E08-23B1D8E0EEC0}.Debug|Any CPU.Build.0 = Debug|Any CPU
		{D24912D5-3A86-4CD9-8E08-23B1D8E0EEC0}.Release|Any CPU.ActiveCfg = Release|Any CPU
		{D24912D5-3A86-4CD9-8E08-23B1D8E0EEC0}.Release|Any CPU.Build.0 = Release|Any CPU
		{CD057518-B2A0-49ED-86E4-5C16932067F8}.Debug|Any CPU.ActiveCfg = Debug|Any CPU
		{CD057518-B2A0-49ED-86E4-5C16932067F8}.Debug|Any CPU.Build.0 = Debug|Any CPU
		{CD057518-B2A0-49ED-86E4-5C16932067F8}.Release|Any CPU.ActiveCfg = Release|Any CPU
		{CD057518-B2A0-49ED-86E4-5C16932067F8}.Release|Any CPU.Build.0 = Release|Any CPU
	EndGlobalSection
	GlobalSection(SolutionProperties) = preSolution
		HideSolutionNode = FALSE
	EndGlobalSection
	GlobalSection(ExtensibilityGlobals) = postSolution
		SolutionGuid = {A0995D83-257B-47CF-BC00-E22CBDDD4F0D}
	EndGlobalSection
EndGlobal
